// !$*UTF8*$!
{
	archiveVersion = 1;
	classes = {
	};
	objectVersion = 46;
	objects = {

/* Begin PBXAggregateTarget section */
		"ZIPFoundation::ZIPFoundationPackageTests::ProductTarget" /* ZIPFoundationPackageTests */ = {
			isa = PBXAggregateTarget;
			buildConfigurationList = OBJ_68 /* Build configuration list for PBXAggregateTarget "ZIPFoundationPackageTests" */;
			buildPhases = (
			);
			dependencies = (
				OBJ_71 /* PBXTargetDependency */,
			);
			name = ZIPFoundationPackageTests;
			productName = ZIPFoundationPackageTests;
		};
/* End PBXAggregateTarget section */

/* Begin PBXBuildFile section */
		OBJ_43 /* Archive+Reading.swift in Sources */ = {isa = PBXBuildFile; fileRef = OBJ_14 /* Archive+Reading.swift */; };
		OBJ_44 /* Archive+Writing.swift in Sources */ = {isa = PBXBuildFile; fileRef = OBJ_15 /* Archive+Writing.swift */; };
		OBJ_45 /* Archive.swift in Sources */ = {isa = PBXBuildFile; fileRef = OBJ_16 /* Archive.swift */; };
		OBJ_46 /* Data+Compression.swift in Sources */ = {isa = PBXBuildFile; fileRef = OBJ_17 /* Data+Compression.swift */; };
		OBJ_47 /* Data+Serialization.swift in Sources */ = {isa = PBXBuildFile; fileRef = OBJ_18 /* Data+Serialization.swift */; };
		OBJ_48 /* Entry.swift in Sources */ = {isa = PBXBuildFile; fileRef = OBJ_19 /* Entry.swift */; };
		OBJ_49 /* FileManager+ZIP.swift in Sources */ = {isa = PBXBuildFile; fileRef = OBJ_20 /* FileManager+ZIP.swift */; };
		OBJ_50 /* MemoryFile.swift in Sources */ = {isa = PBXBuildFile; fileRef = OBJ_21 /* MemoryFile.swift */; };
		OBJ_52 /* ZIPFoundationCompat.framework in Frameworks */ = {isa = PBXBuildFile; fileRef = "ZIPFoundation::ZIPFoundationCompat::Product" /* ZIPFoundationCompat.framework */; };
		OBJ_59 /* funopen_compat.c in Sources */ = {isa = PBXBuildFile; fileRef = OBJ_9 /* funopen_compat.c */; };
		OBJ_66 /* Package.swift in Sources */ = {isa = PBXBuildFile; fileRef = OBJ_6 /* Package.swift */; };
		OBJ_77 /* ZIPFoundationDataSerializationTests.swift in Sources */ = {isa = PBXBuildFile; fileRef = OBJ_24 /* ZIPFoundationDataSerializationTests.swift */; };
		OBJ_78 /* ZIPFoundationEntryTests.swift in Sources */ = {isa = PBXBuildFile; fileRef = OBJ_25 /* ZIPFoundationEntryTests.swift */; };
		OBJ_79 /* ZIPFoundationFileManagerTests.swift in Sources */ = {isa = PBXBuildFile; fileRef = OBJ_26 /* ZIPFoundationFileManagerTests.swift */; };
		OBJ_80 /* ZIPFoundationMemoryFileTests.swift in Sources */ = {isa = PBXBuildFile; fileRef = OBJ_27 /* ZIPFoundationMemoryFileTests.swift */; };
		OBJ_81 /* ZIPFoundationPerformanceTests.swift in Sources */ = {isa = PBXBuildFile; fileRef = OBJ_28 /* ZIPFoundationPerformanceTests.swift */; };
		OBJ_82 /* ZIPFoundationProgressTests.swift in Sources */ = {isa = PBXBuildFile; fileRef = OBJ_29 /* ZIPFoundationProgressTests.swift */; };
		OBJ_83 /* ZIPFoundationReadingTests.swift in Sources */ = {isa = PBXBuildFile; fileRef = OBJ_30 /* ZIPFoundationReadingTests.swift */; };
		OBJ_84 /* ZIPFoundationTests.swift in Sources */ = {isa = PBXBuildFile; fileRef = OBJ_31 /* ZIPFoundationTests.swift */; };
		OBJ_85 /* ZIPFoundationWritingTests.swift in Sources */ = {isa = PBXBuildFile; fileRef = OBJ_32 /* ZIPFoundationWritingTests.swift */; };
		OBJ_87 /* ZIPFoundation.framework in Frameworks */ = {isa = PBXBuildFile; fileRef = "ZIPFoundation::ZIPFoundation::Product" /* ZIPFoundation.framework */; };
		OBJ_88 /* ZIPFoundationCompat.framework in Frameworks */ = {isa = PBXBuildFile; fileRef = "ZIPFoundation::ZIPFoundationCompat::Product" /* ZIPFoundationCompat.framework */; };
/* End PBXBuildFile section */

/* Begin PBXContainerItemProxy section */
		95992FA9236FB2B4008FEE69 /* PBXContainerItemProxy */ = {
			isa = PBXContainerItemProxy;
			containerPortal = OBJ_1 /* Project object */;
			proxyType = 1;
			remoteGlobalIDString = "ZIPFoundation::ZIPFoundationCompat";
			remoteInfo = ZIPFoundationCompat;
		};
		95992FAA236FB2B4008FEE69 /* PBXContainerItemProxy */ = {
			isa = PBXContainerItemProxy;
			containerPortal = OBJ_1 /* Project object */;
			proxyType = 1;
			remoteGlobalIDString = "ZIPFoundation::ZIPFoundation";
			remoteInfo = ZIPFoundation;
		};
		95992FAB236FB2B4008FEE69 /* PBXContainerItemProxy */ = {
			isa = PBXContainerItemProxy;
			containerPortal = OBJ_1 /* Project object */;
			proxyType = 1;
			remoteGlobalIDString = "ZIPFoundation::ZIPFoundationCompat";
			remoteInfo = ZIPFoundationCompat;
		};
		95992FAC236FB35A008FEE69 /* PBXContainerItemProxy */ = {
			isa = PBXContainerItemProxy;
			containerPortal = OBJ_1 /* Project object */;
			proxyType = 1;
			remoteGlobalIDString = "ZIPFoundation::ZIPFoundationTests";
			remoteInfo = ZIPFoundationTests;
		};
/* End PBXContainerItemProxy section */

/* Begin PBXFileReference section */
		OBJ_11 /* funopen_compat.h */ = {isa = PBXFileReference; lastKnownFileType = sourcecode.c.h; path = funopen_compat.h; sourceTree = "<group>"; };
		OBJ_12 /* module.modulemap */ = {isa = PBXFileReference; lastKnownFileType = "sourcecode.module-map"; name = module.modulemap; path = /Users/neeri/Development/ZIPFoundation/ZIPFoundation.xcodeproj/GeneratedModuleMap/ZIPFoundationCompat/module.modulemap; sourceTree = "<group>"; };
		OBJ_14 /* Archive+Reading.swift */ = {isa = PBXFileReference; lastKnownFileType = sourcecode.swift; path = "Archive+Reading.swift"; sourceTree = "<group>"; };
		OBJ_15 /* Archive+Writing.swift */ = {isa = PBXFileReference; lastKnownFileType = sourcecode.swift; path = "Archive+Writing.swift"; sourceTree = "<group>"; };
		OBJ_16 /* Archive.swift */ = {isa = PBXFileReference; lastKnownFileType = sourcecode.swift; path = Archive.swift; sourceTree = "<group>"; };
		OBJ_17 /* Data+Compression.swift */ = {isa = PBXFileReference; lastKnownFileType = sourcecode.swift; path = "Data+Compression.swift"; sourceTree = "<group>"; };
		OBJ_18 /* Data+Serialization.swift */ = {isa = PBXFileReference; lastKnownFileType = sourcecode.swift; path = "Data+Serialization.swift"; sourceTree = "<group>"; };
		OBJ_19 /* Entry.swift */ = {isa = PBXFileReference; lastKnownFileType = sourcecode.swift; path = Entry.swift; sourceTree = "<group>"; };
		OBJ_20 /* FileManager+ZIP.swift */ = {isa = PBXFileReference; lastKnownFileType = sourcecode.swift; path = "FileManager+ZIP.swift"; sourceTree = "<group>"; };
		OBJ_21 /* MemoryFile.swift */ = {isa = PBXFileReference; lastKnownFileType = sourcecode.swift; path = MemoryFile.swift; sourceTree = "<group>"; };
		OBJ_24 /* ZIPFoundationDataSerializationTests.swift */ = {isa = PBXFileReference; lastKnownFileType = sourcecode.swift; path = ZIPFoundationDataSerializationTests.swift; sourceTree = "<group>"; };
		OBJ_25 /* ZIPFoundationEntryTests.swift */ = {isa = PBXFileReference; lastKnownFileType = sourcecode.swift; path = ZIPFoundationEntryTests.swift; sourceTree = "<group>"; };
		OBJ_26 /* ZIPFoundationFileManagerTests.swift */ = {isa = PBXFileReference; lastKnownFileType = sourcecode.swift; path = ZIPFoundationFileManagerTests.swift; sourceTree = "<group>"; };
		OBJ_27 /* ZIPFoundationMemoryFileTests.swift */ = {isa = PBXFileReference; lastKnownFileType = sourcecode.swift; path = ZIPFoundationMemoryFileTests.swift; sourceTree = "<group>"; };
		OBJ_28 /* ZIPFoundationPerformanceTests.swift */ = {isa = PBXFileReference; lastKnownFileType = sourcecode.swift; path = ZIPFoundationPerformanceTests.swift; sourceTree = "<group>"; };
		OBJ_29 /* ZIPFoundationProgressTests.swift */ = {isa = PBXFileReference; lastKnownFileType = sourcecode.swift; path = ZIPFoundationProgressTests.swift; sourceTree = "<group>"; };
		OBJ_30 /* ZIPFoundationReadingTests.swift */ = {isa = PBXFileReference; lastKnownFileType = sourcecode.swift; path = ZIPFoundationReadingTests.swift; sourceTree = "<group>"; };
		OBJ_31 /* ZIPFoundationTests.swift */ = {isa = PBXFileReference; lastKnownFileType = sourcecode.swift; path = ZIPFoundationTests.swift; sourceTree = "<group>"; };
		OBJ_32 /* ZIPFoundationWritingTests.swift */ = {isa = PBXFileReference; lastKnownFileType = sourcecode.swift; path = ZIPFoundationWritingTests.swift; sourceTree = "<group>"; };
		OBJ_33 /* ZIPFoundationCompat */ = {isa = PBXFileReference; lastKnownFileType = folder; path = ZIPFoundationCompat; sourceTree = SOURCE_ROOT; };
		OBJ_6 /* Package.swift */ = {isa = PBXFileReference; explicitFileType = sourcecode.swift; path = Package.swift; sourceTree = "<group>"; };
		OBJ_9 /* funopen_compat.c */ = {isa = PBXFileReference; lastKnownFileType = sourcecode.c.c; path = funopen_compat.c; sourceTree = "<group>"; };
		"ZIPFoundation::ZIPFoundation::Product" /* ZIPFoundation.framework */ = {isa = PBXFileReference; lastKnownFileType = wrapper.framework; path = ZIPFoundation.framework; sourceTree = BUILT_PRODUCTS_DIR; };
		"ZIPFoundation::ZIPFoundationCompat::Product" /* ZIPFoundationCompat.framework */ = {isa = PBXFileReference; explicitFileType = wrapper.framework; path = ZIPFoundationCompat.framework; sourceTree = BUILT_PRODUCTS_DIR; };
		"ZIPFoundation::ZIPFoundationTests::Product" /* ZIPFoundationTests.xctest */ = {isa = PBXFileReference; lastKnownFileType = file; path = ZIPFoundationTests.xctest; sourceTree = BUILT_PRODUCTS_DIR; };
/* End PBXFileReference section */

/* Begin PBXFrameworksBuildPhase section */
		OBJ_51 /* Frameworks */ = {
			isa = PBXFrameworksBuildPhase;
			buildActionMask = 0;
			files = (
				OBJ_52 /* ZIPFoundationCompat.framework in Frameworks */,
			);
			runOnlyForDeploymentPostprocessing = 0;
		};
		OBJ_60 /* Frameworks */ = {
			isa = PBXFrameworksBuildPhase;
			buildActionMask = 0;
			files = (
			);
			runOnlyForDeploymentPostprocessing = 0;
		};
		OBJ_86 /* Frameworks */ = {
			isa = PBXFrameworksBuildPhase;
			buildActionMask = 0;
			files = (
				OBJ_87 /* ZIPFoundation.framework in Frameworks */,
				OBJ_88 /* ZIPFoundationCompat.framework in Frameworks */,
			);
			runOnlyForDeploymentPostprocessing = 0;
		};
/* End PBXFrameworksBuildPhase section */

/* Begin PBXGroup section */
		OBJ_10 /* include */ = {
			isa = PBXGroup;
			children = (
				OBJ_11 /* funopen_compat.h */,
				OBJ_12 /* module.modulemap */,
			);
			path = include;
			sourceTree = "<group>";
		};
		OBJ_13 /* ZIPFoundation */ = {
			isa = PBXGroup;
			children = (
				OBJ_14 /* Archive+Reading.swift */,
				OBJ_15 /* Archive+Writing.swift */,
				OBJ_16 /* Archive.swift */,
				OBJ_17 /* Data+Compression.swift */,
				OBJ_18 /* Data+Serialization.swift */,
				OBJ_19 /* Entry.swift */,
				OBJ_20 /* FileManager+ZIP.swift */,
				OBJ_21 /* MemoryFile.swift */,
			);
			name = ZIPFoundation;
			path = Sources/ZIPFoundation;
			sourceTree = SOURCE_ROOT;
		};
		OBJ_22 /* Tests */ = {
			isa = PBXGroup;
			children = (
				OBJ_23 /* ZIPFoundationTests */,
			);
			name = Tests;
			sourceTree = SOURCE_ROOT;
		};
		OBJ_23 /* ZIPFoundationTests */ = {
			isa = PBXGroup;
			children = (
				OBJ_24 /* ZIPFoundationDataSerializationTests.swift */,
				OBJ_25 /* ZIPFoundationEntryTests.swift */,
				OBJ_26 /* ZIPFoundationFileManagerTests.swift */,
				OBJ_27 /* ZIPFoundationMemoryFileTests.swift */,
				OBJ_28 /* ZIPFoundationPerformanceTests.swift */,
				OBJ_29 /* ZIPFoundationProgressTests.swift */,
				OBJ_30 /* ZIPFoundationReadingTests.swift */,
				OBJ_31 /* ZIPFoundationTests.swift */,
				OBJ_32 /* ZIPFoundationWritingTests.swift */,
			);
			name = ZIPFoundationTests;
			path = Tests/ZIPFoundationTests;
			sourceTree = SOURCE_ROOT;
		};
		OBJ_34 /* Products */ = {
			isa = PBXGroup;
			children = (
				"ZIPFoundation::ZIPFoundationTests::Product" /* ZIPFoundationTests.xctest */,
				"ZIPFoundation::ZIPFoundationCompat::Product" /* ZIPFoundationCompat.framework */,
				"ZIPFoundation::ZIPFoundation::Product" /* ZIPFoundation.framework */,
			);
			name = Products;
			sourceTree = BUILT_PRODUCTS_DIR;
		};
		OBJ_5 /*  */ = {
			isa = PBXGroup;
			children = (
				OBJ_6 /* Package.swift */,
				OBJ_7 /* Sources */,
				OBJ_22 /* Tests */,
				OBJ_33 /* ZIPFoundationCompat */,
				OBJ_34 /* Products */,
			);
			name = "";
			sourceTree = "<group>";
		};
		OBJ_7 /* Sources */ = {
			isa = PBXGroup;
			children = (
				OBJ_8 /* ZIPFoundationCompat */,
				OBJ_13 /* ZIPFoundation */,
			);
			name = Sources;
			sourceTree = SOURCE_ROOT;
		};
		OBJ_8 /* ZIPFoundationCompat */ = {
			isa = PBXGroup;
			children = (
				OBJ_9 /* funopen_compat.c */,
				OBJ_10 /* include */,
			);
			name = ZIPFoundationCompat;
			path = Sources/ZIPFoundationCompat;
			sourceTree = SOURCE_ROOT;
		};
/* End PBXGroup section */

/* Begin PBXNativeTarget section */
		"ZIPFoundation::SwiftPMPackageDescription" /* ZIPFoundationPackageDescription */ = {
			isa = PBXNativeTarget;
			buildConfigurationList = OBJ_62 /* Build configuration list for PBXNativeTarget "ZIPFoundationPackageDescription" */;
			buildPhases = (
				OBJ_65 /* Sources */,
			);
			buildRules = (
			);
			dependencies = (
			);
			name = ZIPFoundationPackageDescription;
			productName = ZIPFoundationPackageDescription;
			productType = "com.apple.product-type.framework";
		};
		"ZIPFoundation::ZIPFoundation" /* ZIPFoundation */ = {
			isa = PBXNativeTarget;
			buildConfigurationList = OBJ_39 /* Build configuration list for PBXNativeTarget "ZIPFoundation" */;
			buildPhases = (
				OBJ_42 /* Sources */,
				OBJ_51 /* Frameworks */,
			);
			buildRules = (
			);
			dependencies = (
				OBJ_53 /* PBXTargetDependency */,
			);
			name = ZIPFoundation;
			productName = ZIPFoundation;
			productReference = "ZIPFoundation::ZIPFoundation::Product" /* ZIPFoundation.framework */;
			productType = "com.apple.product-type.framework";
		};
		"ZIPFoundation::ZIPFoundationCompat" /* ZIPFoundationCompat */ = {
			isa = PBXNativeTarget;
			buildConfigurationList = OBJ_55 /* Build configuration list for PBXNativeTarget "ZIPFoundationCompat" */;
			buildPhases = (
				OBJ_58 /* Sources */,
				OBJ_60 /* Frameworks */,
			);
			buildRules = (
			);
			dependencies = (
			);
			name = ZIPFoundationCompat;
			productName = ZIPFoundationCompat;
			productReference = "ZIPFoundation::ZIPFoundationCompat::Product" /* ZIPFoundationCompat.framework */;
			productType = "com.apple.product-type.framework";
		};
		"ZIPFoundation::ZIPFoundationTests" /* ZIPFoundationTests */ = {
			isa = PBXNativeTarget;
			buildConfigurationList = OBJ_73 /* Build configuration list for PBXNativeTarget "ZIPFoundationTests" */;
			buildPhases = (
				OBJ_76 /* Sources */,
				OBJ_86 /* Frameworks */,
			);
			buildRules = (
			);
			dependencies = (
				OBJ_89 /* PBXTargetDependency */,
				OBJ_90 /* PBXTargetDependency */,
			);
			name = ZIPFoundationTests;
			productName = ZIPFoundationTests;
			productReference = "ZIPFoundation::ZIPFoundationTests::Product" /* ZIPFoundationTests.xctest */;
			productType = "com.apple.product-type.bundle.unit-test";
		};
/* End PBXNativeTarget section */

/* Begin PBXProject section */
		OBJ_1 /* Project object */ = {
			isa = PBXProject;
			attributes = {
				LastUpgradeCheck = 9999;
			};
			buildConfigurationList = OBJ_2 /* Build configuration list for PBXProject "ZIPFoundation" */;
			compatibilityVersion = "Xcode 3.2";
			developmentRegion = English;
			hasScannedForEncodings = 0;
			knownRegions = (
				English,
				en,
			);
			mainGroup = OBJ_5 /*  */;
			productRefGroup = OBJ_34 /* Products */;
			projectDirPath = "";
			projectRoot = "";
			targets = (
				"ZIPFoundation::ZIPFoundation" /* ZIPFoundation */,
				"ZIPFoundation::ZIPFoundationCompat" /* ZIPFoundationCompat */,
				"ZIPFoundation::SwiftPMPackageDescription" /* ZIPFoundationPackageDescription */,
				"ZIPFoundation::ZIPFoundationPackageTests::ProductTarget" /* ZIPFoundationPackageTests */,
				"ZIPFoundation::ZIPFoundationTests" /* ZIPFoundationTests */,
			);
		};
/* End PBXProject section */

/* Begin PBXSourcesBuildPhase section */
		OBJ_42 /* Sources */ = {
			isa = PBXSourcesBuildPhase;
			buildActionMask = 0;
			files = (
				OBJ_43 /* Archive+Reading.swift in Sources */,
				OBJ_44 /* Archive+Writing.swift in Sources */,
				OBJ_45 /* Archive.swift in Sources */,
				OBJ_46 /* Data+Compression.swift in Sources */,
				OBJ_47 /* Data+Serialization.swift in Sources */,
				OBJ_48 /* Entry.swift in Sources */,
				OBJ_49 /* FileManager+ZIP.swift in Sources */,
				OBJ_50 /* MemoryFile.swift in Sources */,
			);
			runOnlyForDeploymentPostprocessing = 0;
		};
		OBJ_58 /* Sources */ = {
			isa = PBXSourcesBuildPhase;
			buildActionMask = 0;
			files = (
				OBJ_59 /* funopen_compat.c in Sources */,
			);
			runOnlyForDeploymentPostprocessing = 0;
		};
		OBJ_65 /* Sources */ = {
			isa = PBXSourcesBuildPhase;
			buildActionMask = 0;
			files = (
				OBJ_66 /* Package.swift in Sources */,
			);
			runOnlyForDeploymentPostprocessing = 0;
		};
		OBJ_76 /* Sources */ = {
			isa = PBXSourcesBuildPhase;
			buildActionMask = 0;
			files = (
				OBJ_77 /* ZIPFoundationDataSerializationTests.swift in Sources */,
				OBJ_78 /* ZIPFoundationEntryTests.swift in Sources */,
				OBJ_79 /* ZIPFoundationFileManagerTests.swift in Sources */,
				OBJ_80 /* ZIPFoundationMemoryFileTests.swift in Sources */,
				OBJ_81 /* ZIPFoundationPerformanceTests.swift in Sources */,
				OBJ_82 /* ZIPFoundationProgressTests.swift in Sources */,
				OBJ_83 /* ZIPFoundationReadingTests.swift in Sources */,
				OBJ_84 /* ZIPFoundationTests.swift in Sources */,
				OBJ_85 /* ZIPFoundationWritingTests.swift in Sources */,
			);
			runOnlyForDeploymentPostprocessing = 0;
		};
/* End PBXSourcesBuildPhase section */

/* Begin PBXTargetDependency section */
		OBJ_53 /* PBXTargetDependency */ = {
			isa = PBXTargetDependency;
			target = "ZIPFoundation::ZIPFoundationCompat" /* ZIPFoundationCompat */;
			targetProxy = 95992FA9236FB2B4008FEE69 /* PBXContainerItemProxy */;
		};
		OBJ_71 /* PBXTargetDependency */ = {
			isa = PBXTargetDependency;
			target = "ZIPFoundation::ZIPFoundationTests" /* ZIPFoundationTests */;
			targetProxy = 95992FAC236FB35A008FEE69 /* PBXContainerItemProxy */;
		};
		OBJ_89 /* PBXTargetDependency */ = {
			isa = PBXTargetDependency;
			target = "ZIPFoundation::ZIPFoundation" /* ZIPFoundation */;
			targetProxy = 95992FAA236FB2B4008FEE69 /* PBXContainerItemProxy */;
		};
		OBJ_90 /* PBXTargetDependency */ = {
			isa = PBXTargetDependency;
			target = "ZIPFoundation::ZIPFoundationCompat" /* ZIPFoundationCompat */;
			targetProxy = 95992FAB236FB2B4008FEE69 /* PBXContainerItemProxy */;
		};
/* End PBXTargetDependency section */

/* Begin XCBuildConfiguration section */
		OBJ_3 /* Debug */ = {
			isa = XCBuildConfiguration;
			buildSettings = {
				CLANG_ENABLE_OBJC_ARC = YES;
				COMBINE_HIDPI_IMAGES = YES;
				COPY_PHASE_STRIP = NO;
				DEBUG_INFORMATION_FORMAT = dwarf;
				DYLIB_INSTALL_NAME_BASE = "@rpath";
				ENABLE_NS_ASSERTIONS = YES;
				GCC_OPTIMIZATION_LEVEL = 0;
				GCC_PREPROCESSOR_DEFINITIONS = (
					"DEBUG=1",
					"$(inherited)",
				);
				IPHONEOS_DEPLOYMENT_TARGET = 12.1;
				MACOSX_DEPLOYMENT_TARGET = 10.13;
				ONLY_ACTIVE_ARCH = YES;
				OTHER_SWIFT_FLAGS = "-DXcode";
				PRODUCT_NAME = "$(TARGET_NAME)";
				SDKROOT = macosx;
				SUPPORTED_PLATFORMS = "macosx iphoneos iphonesimulator appletvos appletvsimulator watchos watchsimulator";
				SWIFT_ACTIVE_COMPILATION_CONDITIONS = "SWIFT_PACKAGE DEBUG";
				SWIFT_OPTIMIZATION_LEVEL = "-Onone";
				TVOS_DEPLOYMENT_TARGET = 12.1;
				USE_HEADERMAP = NO;
				WATCHOS_DEPLOYMENT_TARGET = 5.1;
			};
			name = Debug;
		};
		OBJ_4 /* Release */ = {
			isa = XCBuildConfiguration;
			buildSettings = {
				CLANG_ENABLE_OBJC_ARC = YES;
				COMBINE_HIDPI_IMAGES = YES;
				COPY_PHASE_STRIP = YES;
				DEBUG_INFORMATION_FORMAT = "dwarf-with-dsym";
				DYLIB_INSTALL_NAME_BASE = "@rpath";
				GCC_OPTIMIZATION_LEVEL = s;
				IPHONEOS_DEPLOYMENT_TARGET = 12.1;
				MACOSX_DEPLOYMENT_TARGET = 10.13;
				OTHER_SWIFT_FLAGS = "-DXcode";
				PRODUCT_NAME = "$(TARGET_NAME)";
				SDKROOT = macosx;
				SUPPORTED_PLATFORMS = "macosx iphoneos iphonesimulator appletvos appletvsimulator watchos watchsimulator";
				SWIFT_ACTIVE_COMPILATION_CONDITIONS = SWIFT_PACKAGE;
				SWIFT_OPTIMIZATION_LEVEL = "-Owholemodule";
				TVOS_DEPLOYMENT_TARGET = 12.1;
				USE_HEADERMAP = NO;
				WATCHOS_DEPLOYMENT_TARGET = 5.1;
			};
			name = Release;
		};
		OBJ_40 /* Debug */ = {
			isa = XCBuildConfiguration;
			buildSettings = {
				ENABLE_TESTABILITY = YES;
				FRAMEWORK_SEARCH_PATHS = (
					"$(inherited)",
					"$(PLATFORM_DIR)/Developer/Library/Frameworks",
				);
				HEADER_SEARCH_PATHS = (
					"$(inherited)",
					"$(SRCROOT)/Sources/ZIPFoundationCompat/include",
					"$(SRCROOT)/ZIPFoundation.xcodeproj/GeneratedModuleMap/ZIPFoundationCompat",
				);
				INFOPLIST_FILE = ZIPFoundation.xcodeproj/ZIPFoundation_Info.plist;
				LD_RUNPATH_SEARCH_PATHS = "$(inherited) $(TOOLCHAIN_DIR)/usr/lib/swift/macosx";
				OTHER_CFLAGS = "$(inherited)";
				OTHER_LDFLAGS = "$(inherited)";
				OTHER_SWIFT_FLAGS = "$(inherited) -Xcc -fmodule-map-file=$(SRCROOT)/ZIPFoundation.xcodeproj/GeneratedModuleMap/ZIPFoundationCompat/module.modulemap";
				PRODUCT_BUNDLE_IDENTIFIER = ZIPFoundation;
				PRODUCT_MODULE_NAME = "$(TARGET_NAME:c99extidentifier)";
				PRODUCT_NAME = "$(TARGET_NAME:c99extidentifier)";
				SKIP_INSTALL = YES;
				SWIFT_ACTIVE_COMPILATION_CONDITIONS = "$(inherited)";
				SWIFT_VERSION = 4.2;
				TARGET_NAME = ZIPFoundation;
			};
			name = Debug;
		};
		OBJ_41 /* Release */ = {
			isa = XCBuildConfiguration;
			buildSettings = {
				ENABLE_TESTABILITY = YES;
				FRAMEWORK_SEARCH_PATHS = (
					"$(inherited)",
					"$(PLATFORM_DIR)/Developer/Library/Frameworks",
				);
				HEADER_SEARCH_PATHS = (
					"$(inherited)",
					"$(SRCROOT)/Sources/ZIPFoundationCompat/include",
					"$(SRCROOT)/ZIPFoundation.xcodeproj/GeneratedModuleMap/ZIPFoundationCompat",
				);
				INFOPLIST_FILE = ZIPFoundation.xcodeproj/ZIPFoundation_Info.plist;
				LD_RUNPATH_SEARCH_PATHS = "$(inherited) $(TOOLCHAIN_DIR)/usr/lib/swift/macosx";
				OTHER_CFLAGS = "$(inherited)";
				OTHER_LDFLAGS = "$(inherited)";
				OTHER_SWIFT_FLAGS = "$(inherited) -Xcc -fmodule-map-file=$(SRCROOT)/ZIPFoundation.xcodeproj/GeneratedModuleMap/ZIPFoundationCompat/module.modulemap";
				PRODUCT_BUNDLE_IDENTIFIER = ZIPFoundation;
				PRODUCT_MODULE_NAME = "$(TARGET_NAME:c99extidentifier)";
				PRODUCT_NAME = "$(TARGET_NAME:c99extidentifier)";
				SKIP_INSTALL = YES;
				SWIFT_ACTIVE_COMPILATION_CONDITIONS = "$(inherited)";
				SWIFT_VERSION = 4.2;
				TARGET_NAME = ZIPFoundation;
			};
			name = Release;
		};
		OBJ_56 /* Debug */ = {
			isa = XCBuildConfiguration;
			buildSettings = {
				ENABLE_TESTABILITY = YES;
				FRAMEWORK_SEARCH_PATHS = (
					"$(inherited)",
					"$(PLATFORM_DIR)/Developer/Library/Frameworks",
				);
				HEADER_SEARCH_PATHS = (
					"$(inherited)",
					"$(SRCROOT)/Sources/ZIPFoundationCompat/include",
				);
				INFOPLIST_FILE = ZIPFoundation.xcodeproj/ZIPFoundationCompat_Info.plist;
				LD_RUNPATH_SEARCH_PATHS = "$(inherited) $(TOOLCHAIN_DIR)/usr/lib/swift/macosx";
				OTHER_CFLAGS = "$(inherited)";
				OTHER_SWIFT_FLAGS = "$(inherited)";
				PRODUCT_BUNDLE_IDENTIFIER = ZIPFoundationCompat;
				PRODUCT_NAME = "$(TARGET_NAME:c99extidentifier)";
				SKIP_INSTALL = YES;
				SWIFT_ACTIVE_COMPILATION_CONDITIONS = "$(inherited)";
				TARGET_NAME = ZIPFoundationCompat;
			};
			name = Debug;
		};
		OBJ_57 /* Release */ = {
			isa = XCBuildConfiguration;
			buildSettings = {
				ENABLE_TESTABILITY = YES;
				FRAMEWORK_SEARCH_PATHS = (
					"$(inherited)",
					"$(PLATFORM_DIR)/Developer/Library/Frameworks",
				);
				HEADER_SEARCH_PATHS = (
					"$(inherited)",
					"$(SRCROOT)/Sources/ZIPFoundationCompat/include",
				);
				INFOPLIST_FILE = ZIPFoundation.xcodeproj/ZIPFoundationCompat_Info.plist;
				LD_RUNPATH_SEARCH_PATHS = "$(inherited) $(TOOLCHAIN_DIR)/usr/lib/swift/macosx";
				OTHER_CFLAGS = "$(inherited)";
				OTHER_SWIFT_FLAGS = "$(inherited)";
				PRODUCT_BUNDLE_IDENTIFIER = ZIPFoundationCompat;
				PRODUCT_NAME = "$(TARGET_NAME:c99extidentifier)";
				SKIP_INSTALL = YES;
				SWIFT_ACTIVE_COMPILATION_CONDITIONS = "$(inherited)";
				TARGET_NAME = ZIPFoundationCompat;
			};
			name = Release;
		};
		OBJ_63 /* Debug */ = {
			isa = XCBuildConfiguration;
			buildSettings = {
				LD = /usr/bin/true;
				OTHER_SWIFT_FLAGS = "-swift-version 4.2 -I $(TOOLCHAIN_DIR)/usr/lib/swift/pm/4_2 -target x86_64-apple-macosx10.10 -sdk /Applications/Xcode.app/Contents/Developer/Platforms/MacOSX.platform/Developer/SDKs/MacOSX10.15.sdk";
				SWIFT_VERSION = 4.2;
			};
			name = Debug;
		};
		OBJ_64 /* Release */ = {
			isa = XCBuildConfiguration;
			buildSettings = {
				LD = /usr/bin/true;
				OTHER_SWIFT_FLAGS = "-swift-version 4.2 -I $(TOOLCHAIN_DIR)/usr/lib/swift/pm/4_2 -target x86_64-apple-macosx10.10 -sdk /Applications/Xcode.app/Contents/Developer/Platforms/MacOSX.platform/Developer/SDKs/MacOSX10.15.sdk";
				SWIFT_VERSION = 4.2;
			};
			name = Release;
		};
		OBJ_69 /* Debug */ = {
			isa = XCBuildConfiguration;
			buildSettings = {
			};
			name = Debug;
		};
		OBJ_70 /* Release */ = {
			isa = XCBuildConfiguration;
			buildSettings = {
			};
			name = Release;
		};
		OBJ_74 /* Debug */ = {
			isa = XCBuildConfiguration;
			buildSettings = {
				CLANG_ENABLE_MODULES = YES;
				EMBEDDED_CONTENT_CONTAINS_SWIFT = YES;
				FRAMEWORK_SEARCH_PATHS = (
					"$(inherited)",
					"$(PLATFORM_DIR)/Developer/Library/Frameworks",
				);
				HEADER_SEARCH_PATHS = (
					"$(inherited)",
					"$(SRCROOT)/Sources/ZIPFoundationCompat/include",
					"$(SRCROOT)/ZIPFoundation.xcodeproj/GeneratedModuleMap/ZIPFoundationCompat",
				);
				INFOPLIST_FILE = ZIPFoundation.xcodeproj/ZIPFoundationTests_Info.plist;
				LD_RUNPATH_SEARCH_PATHS = "$(inherited) @loader_path/../Frameworks @loader_path/Frameworks";
				OTHER_CFLAGS = "$(inherited)";
				OTHER_LDFLAGS = "$(inherited)";
				OTHER_SWIFT_FLAGS = "$(inherited) -Xcc -fmodule-map-file=$(SRCROOT)/ZIPFoundation.xcodeproj/GeneratedModuleMap/ZIPFoundationCompat/module.modulemap";
				SWIFT_ACTIVE_COMPILATION_CONDITIONS = "$(inherited)";
				SWIFT_VERSION = 4.2;
				TARGET_NAME = ZIPFoundationTests;
			};
			name = Debug;
		};
		OBJ_75 /* Release */ = {
			isa = XCBuildConfiguration;
			buildSettings = {
				CLANG_ENABLE_MODULES = YES;
				EMBEDDED_CONTENT_CONTAINS_SWIFT = YES;
				FRAMEWORK_SEARCH_PATHS = (
					"$(inherited)",
					"$(PLATFORM_DIR)/Developer/Library/Frameworks",
				);
				HEADER_SEARCH_PATHS = (
					"$(inherited)",
					"$(SRCROOT)/Sources/ZIPFoundationCompat/include",
					"$(SRCROOT)/ZIPFoundation.xcodeproj/GeneratedModuleMap/ZIPFoundationCompat",
				);
				INFOPLIST_FILE = ZIPFoundation.xcodeproj/ZIPFoundationTests_Info.plist;
				LD_RUNPATH_SEARCH_PATHS = "$(inherited) @loader_path/../Frameworks @loader_path/Frameworks";
				OTHER_CFLAGS = "$(inherited)";
				OTHER_LDFLAGS = "$(inherited)";
				OTHER_SWIFT_FLAGS = "$(inherited) -Xcc -fmodule-map-file=$(SRCROOT)/ZIPFoundation.xcodeproj/GeneratedModuleMap/ZIPFoundationCompat/module.modulemap";
				SWIFT_ACTIVE_COMPILATION_CONDITIONS = "$(inherited)";
				SWIFT_VERSION = 4.2;
				TARGET_NAME = ZIPFoundationTests;
			};
			name = Release;
		};
/* End XCBuildConfiguration section */

/* Begin XCConfigurationList section */
		OBJ_2 /* Build configuration list for PBXProject "ZIPFoundation" */ = {
			isa = XCConfigurationList;
			buildConfigurations = (
				OBJ_3 /* Debug */,
				OBJ_4 /* Release */,
			);
			defaultConfigurationIsVisible = 0;
			defaultConfigurationName = Release;
		};
		OBJ_39 /* Build configuration list for PBXNativeTarget "ZIPFoundation" */ = {
			isa = XCConfigurationList;
			buildConfigurations = (
				OBJ_40 /* Debug */,
				OBJ_41 /* Release */,
			);
			defaultConfigurationIsVisible = 0;
			defaultConfigurationName = Release;
		};
		OBJ_55 /* Build configuration list for PBXNativeTarget "ZIPFoundationCompat" */ = {
			isa = XCConfigurationList;
			buildConfigurations = (
				OBJ_56 /* Debug */,
				OBJ_57 /* Release */,
			);
			defaultConfigurationIsVisible = 0;
			defaultConfigurationName = Release;
		};
		OBJ_62 /* Build configuration list for PBXNativeTarget "ZIPFoundationPackageDescription" */ = {
			isa = XCConfigurationList;
			buildConfigurations = (
				OBJ_63 /* Debug */,
				OBJ_64 /* Release */,
			);
			defaultConfigurationIsVisible = 0;
			defaultConfigurationName = Release;
		};
		OBJ_68 /* Build configuration list for PBXAggregateTarget "ZIPFoundationPackageTests" */ = {
			isa = XCConfigurationList;
			buildConfigurations = (
				OBJ_69 /* Debug */,
				OBJ_70 /* Release */,
			);
			defaultConfigurationIsVisible = 0;
			defaultConfigurationName = Release;
		};
		OBJ_73 /* Build configuration list for PBXNativeTarget "ZIPFoundationTests" */ = {
			isa = XCConfigurationList;
			buildConfigurations = (
				OBJ_74 /* Debug */,
				OBJ_75 /* Release */,
			);
			defaultConfigurationIsVisible = 0;
			defaultConfigurationName = Release;
		};
/* End XCConfigurationList section */
	};
	rootObject = OBJ_1 /* Project object */;
}
